Microsoft Visual Studio Solution File, Format Version 12.00
# Visual Studio Version 16
VisualStudioVersion = 16.0.30711.63
MinimumVisualStudioVersion = 10.0.40219.1
Project("{2150E333-8FDC-42A3-9474-1A3956D46DE8}") = "1 - Application", "1 - Application", "{4524E65D-D226-4A03-8DDD-C2AD1E0058D8}"
EndProject
Project("{2150E333-8FDC-42A3-9474-1A3956D46DE8}") = "2 - Domain", "2 - Domain", "{A450B1CC-16C5-4FD1-BDDF-F2AE1A51E5B1}"
EndProject
Project("{2150E333-8FDC-42A3-9474-1A3956D46DE8}") = "3 - Service", "3 - Service", "{19F98167-38CB-47BB-92C6-35605AAE9C8A}"
EndProject
Project("{2150E333-8FDC-42A3-9474-1A3956D46DE8}") = "4 - Infra", "4 - Infra", "{CCFF3E78-97FB-4852-A599-5630E387DFB1}"
EndProject
Project("{2150E333-8FDC-42A3-9474-1A3956D46DE8}") = "4.1 - Data", "4.1 - Data", "{38D41C24-1FDB-4B9C-9B6C-589B9F11C944}"
EndProject
Project("{2150E333-8FDC-42A3-9474-1A3956D46DE8}") = "4.2 - CrossCutting", "4.2 - CrossCutting", "{2A518BF5-8648-46AF-8688-A932E0EC361B}"
EndProject
Project("{9A19103F-16F7-4668-BE54-9A1E7A4F7556}") = "ESESMT.Domain", "ESESMT.Domain\ESESMT.Domain.csproj", "{B9624B8F-84B1-4F97-8BE4-A2C4F3620543}"
EndProject
Project("{9A19103F-16F7-4668-BE54-9A1E7A4F7556}") = "ESESMT.Service", "ESESMT.Service\ESESMT.Service.csproj", "{E4D7FE3D-D82A-430A-A9A8-94F26A8348D0}"
EndProject
Project("{9A19103F-16F7-4668-BE54-9A1E7A4F7556}") = "ESESMT.Infra.Data", "ESESMT.Infra.Data\ESESMT.Infra.Data.csproj", "{B96639F0-84CC-406A-AD53-03D4946539CF}"
EndProject
Project("{9A19103F-16F7-4668-BE54-9A1E7A4F7556}") = "ESESMT.Infra.CrossCutting", "ESESMT.Infra.CrossCutting\ESESMT.Infra.CrossCutting.csproj", "{C25B4A68-CAF0-438B-980E-3FFEB4F70543}"
EndProject
Project("{9A19103F-16F7-4668-BE54-9A1E7A4F7556}") = "ESESMT.Application", "ESESMT.Application\ESESMT.Application.csproj", "{0ED88486-576A-4182-8C5B-9BC0CC34CD02}"
EndProject
Project("{2150E333-8FDC-42A3-9474-1A3956D46DE8}") = "4.3 - Shared", "4.3 - Shared", "{497F8D8D-31CC-43CF-BC63-F160D123F8CB}"
EndProject
Project("{9A19103F-16F7-4668-BE54-9A1E7A4F7556}") = "ESESMT.Infra.Shared", "ESESMT.Infra.Shared\ESESMT.Infra.Shared.csproj", "{C55698BA-E42D-4F2F-B3D5-265C6F6303F1}"
EndProject
Project("{2150E333-8FDC-42A3-9474-1A3956D46DE8}") = "5 - Tests", "5 - Tests", "{77BD95C5-0A3E-42E1-BAAC-A7AB693124D8}"
EndProject
Project("{FAE04EC0-301F-11D3-BF4B-00C04F79EFBC}") = "ESESMT.Application.UnitTests", "ESESMT.UnitTests\ESESMT.Application.UnitTests.csproj", "{25735ECF-FB90-4515-9C02-56DF321F4F00}"
EndProject
Global
	GlobalSection(SolutionConfigurationPlatforms) = preSolution
		Debug|Any CPU = Debug|Any CPU
		Release|Any CPU = Release|Any CPU
	EndGlobalSection
	GlobalSection(ProjectConfigurationPlatforms) = postSolution
		{B9624B8F-84B1-4F97-8BE4-A2C4F3620543}.Debug|Any CPU.ActiveCfg = Debug|Any CPU
		{B9624B8F-84B1-4F97-8BE4-A2C4F3620543}.Debug|Any CPU.Build.0 = Debug|Any CPU
		{B9624B8F-84B1-4F97-8BE4-A2C4F3620543}.Release|Any CPU.ActiveCfg = Release|Any CPU
		{B9624B8F-84B1-4F97-8BE4-A2C4F3620543}.Release|Any CPU.Build.0 = Release|Any CPU
		{E4D7FE3D-D82A-430A-A9A8-94F26A8348D0}.Debug|Any CPU.ActiveCfg = Debug|Any CPU
		{E4D7FE3D-D82A-430A-A9A8-94F26A8348D0}.Debug|Any CPU.Build.0 = Debug|Any CPU
		{E4D7FE3D-D82A-430A-A9A8-94F26A8348D0}.Release|Any CPU.ActiveCfg = Release|Any CPU
		{E4D7FE3D-D82A-430A-A9A8-94F26A8348D0}.Release|Any CPU.Build.0 = Release|Any CPU
		{B96639F0-84CC-406A-AD53-03D4946539CF}.Debug|Any CPU.ActiveCfg = Debug|Any CPU
		{B96639F0-84CC-406A-AD53-03D4946539CF}.Debug|Any CPU.Build.0 = Debug|Any CPU
		{B96639F0-84CC-406A-AD53-03D4946539CF}.Release|Any CPU.ActiveCfg = Release|Any CPU
		{B96639F0-84CC-406A-AD53-03D4946539CF}.Release|Any CPU.Build.0 = Release|Any CPU
		{C25B4A68-CAF0-438B-980E-3FFEB4F70543}.Debug|Any CPU.ActiveCfg = Debug|Any CPU
		{C25B4A68-CAF0-438B-980E-3FFEB4F70543}.Debug|Any CPU.Build.0 = Debug|Any CPU
		{C25B4A68-CAF0-438B-980E-3FFEB4F70543}.Release|Any CPU.ActiveCfg = Release|Any CPU
		{C25B4A68-CAF0-438B-980E-3FFEB4F70543}.Release|Any CPU.Build.0 = Release|Any CPU
		{0ED88486-576A-4182-8C5B-9BC0CC34CD02}.Debug|Any CPU.ActiveCfg = Debug|Any CPU
		{0ED88486-576A-4182-8C5B-9BC0CC34CD02}.Debug|Any CPU.Build.0 = Debug|Any CPU
		{0ED88486-576A-4182-8C5B-9BC0CC34CD02}.Release|Any CPU.ActiveCfg = Release|Any CPU
		{0ED88486-576A-4182-8C5B-9BC0CC34CD02}.Release|Any CPU.Build.0 = Release|Any CPU
		{C55698BA-E42D-4F2F-B3D5-265C6F6303F1}.Debug|Any CPU.ActiveCfg = Debug|Any CPU
		{C55698BA-E42D-4F2F-B3D5-265C6F6303F1}.Debug|Any CPU.Build.0 = Debug|Any CPU
		{C55698BA-E42D-4F2F-B3D5-265C6F6303F1}.Release|Any CPU.ActiveCfg = Release|Any CPU
		{C55698BA-E42D-4F2F-B3D5-265C6F6303F1}.Release|Any CPU.Build.0 = Release|Any CPU
		{25735ECF-FB90-4515-9C02-56DF321F4F00}.Debug|Any CPU.ActiveCfg = Debug|Any CPU
		{25735ECF-FB90-4515-9C02-56DF321F4F00}.Debug|Any CPU.Build.0 = Debug|Any CPU
		{25735ECF-FB90-4515-9C02-56DF321F4F00}.Release|Any CPU.ActiveCfg = Release|Any CPU
		{25735ECF-FB90-4515-9C02-56DF321F4F00}.Release|Any CPU.Build.0 = Release|Any CPU
	EndGlobalSection
	GlobalSection(SolutionProperties) = preSolution
		HideSolutionNode = FALSE
	EndGlobalSection
	GlobalSection(NestedProjects) = preSolution
		{38D41C24-1FDB-4B9C-9B6C-589B9F11C944} = {CCFF3E78-97FB-4852-A599-5630E387DFB1}
		{2A518BF5-8648-46AF-8688-A932E0EC361B} = {CCFF3E78-97FB-4852-A599-5630E387DFB1}
		{B9624B8F-84B1-4F97-8BE4-A2C4F3620543} = {A450B1CC-16C5-4FD1-BDDF-F2AE1A51E5B1}
		{E4D7FE3D-D82A-430A-A9A8-94F26A8348D0} = {19F98167-38CB-47BB-92C6-35605AAE9C8A}
		{B96639F0-84CC-406A-AD53-03D4946539CF} = {38D41C24-1FDB-4B9C-9B6C-589B9F11C944}
		{C25B4A68-CAF0-438B-980E-3FFEB4F70543} = {2A518BF5-8648-46AF-8688-A932E0EC361B}
		{0ED88486-576A-4182-8C5B-9BC0CC34CD02} = {4524E65D-D226-4A03-8DDD-C2AD1E0058D8}
		{497F8D8D-31CC-43CF-BC63-F160D123F8CB} = {CCFF3E78-97FB-4852-A599-5630E387DFB1}
		{C55698BA-E42D-4F2F-B3D5-265C6F6303F1} = {497F8D8D-31CC-43CF-BC63-F160D123F8CB}
		{25735ECF-FB90-4515-9C02-56DF321F4F00} = {77BD95C5-0A3E-42E1-BAAC-A7AB693124D8}
	EndGlobalSection
	GlobalSection(ExtensibilityGlobals) = postSolution
		SolutionGuid = {8EA68752-F7A3-4055-9FF6-56AF0549D71C}
	EndGlobalSection
EndGlobal
